
Microsoft Visual Studio Solution File, Format Version 12.00
# Visual Studio Version 16
VisualStudioVersion = 16.0.30907.101
MinimumVisualStudioVersion = 10.0.40219.1
Project("{8BC9CEB8-8B4A-11D0-8D11-00A0C91BC942}") = "Video_wxwidgets", "Video_wxwidgets\Video_wxwidgets.vcxproj", "{08475D38-A5EE-4159-8C35-C8888959C279}"
EndProject
Global
	GlobalSection(SolutionConfigurationPlatforms) = preSolution
		Debug|x64 = Debug|x64
		Debug|x86 = Debug|x86
		Release|x64 = Release|x64
		Release|x86 = Release|x86
	EndGlobalSection
	GlobalSection(ProjectConfigurationPlatforms) = postSolution
		{08475D38-A5EE-4159-8C35-C8888959C279}.Debug|x64.ActiveCfg = Debug|x64
		{08475D38-A5EE-4159-8C35-C8888959C279}.Debug|x64.Build.0 = Debug|x64
		{08475D38-A5EE-4159-8C35-C8888959C279}.Debug|x86.ActiveCfg = Debug|Win32
		{08475D38-A5EE-4159-8C35-C8888959C279}.Debug|x86.Build.0 = Debug|Win32
		{08475D38-A5EE-4159-8C35-C8888959C279}.Release|x64.ActiveCfg = Release|x64
		{08475D38-A5EE-4159-8C35-C8888959C279}.Release|x64.Build.0 = Release|x64
		{08475D38-A5EE-4159-8C35-C8888959C279}.Release|x86.ActiveCfg = Release|Win32
		{08475D38-A5EE-4159-8C35-C8888959C279}.Release|x86.Build.0 = Release|Win32
	EndGlobalSection
	GlobalSection(SolutionProperties) = preSolution
		HideSolutionNode = FALSE
	EndGlobalSection
	GlobalSection(ExtensibilityGlobals) = postSolution
		SolutionGuid = {1C5B03DA-07D7-486E-9D1F-D2095555BD22}
	EndGlobalSection
EndGlobal
